
Microsoft Visual Studio Solution File, Format Version 12.00
# Visual Studio Version 17
VisualStudioVersion = 17.8.34322.80
MinimumVisualStudioVersion = 10.0.40219.1
Project("{9A19103F-16F7-4668-BE54-9A1E7A4F7556}") = "WindowsForms", "WindowsForms\WindowsForms.csproj", "{48F120D4-494F-47D2-8342-E3C109419AD2}"
EndProject
Project("{9A19103F-16F7-4668-BE54-9A1E7A4F7556}") = "ClassLibrary", "ClassLibrary\ClassLibrary.csproj", "{F7B9EF2E-E271-4336-918D-5B48CD9FBB84}"
EndProject
Project("{FAE04EC0-301F-11D3-BF4B-00C04F79EFBC}") = "WpfApp", "WpfApp\WpfApp.csproj", "{5AA4058C-B6EB-4E33-BB3A-494F437E97CF}"
EndProject
Global
	GlobalSection(SolutionConfigurationPlatforms) = preSolution
		Debug|Any CPU = Debug|Any CPU
		Release|Any CPU = Release|Any CPU
	EndGlobalSection
	GlobalSection(ProjectConfigurationPlatforms) = postSolution
		{48F120D4-494F-47D2-8342-E3C109419AD2}.Debug|Any CPU.ActiveCfg = Debug|Any CPU
		{48F120D4-494F-47D2-8342-E3C109419AD2}.Debug|Any CPU.Build.0 = Debug|Any CPU
		{48F120D4-494F-47D2-8342-E3C109419AD2}.Release|Any CPU.ActiveCfg = Release|Any CPU
		{48F120D4-494F-47D2-8342-E3C109419AD2}.Release|Any CPU.Build.0 = Release|Any CPU
		{F7B9EF2E-E271-4336-918D-5B48CD9FBB84}.Debug|Any CPU.ActiveCfg = Debug|Any CPU
		{F7B9EF2E-E271-4336-918D-5B48CD9FBB84}.Debug|Any CPU.Build.0 = Debug|Any CPU
		{F7B9EF2E-E271-4336-918D-5B48CD9FBB84}.Release|Any CPU.ActiveCfg = Release|Any CPU
		{F7B9EF2E-E271-4336-918D-5B48CD9FBB84}.Release|Any CPU.Build.0 = Release|Any CPU
		{5AA4058C-B6EB-4E33-BB3A-494F437E97CF}.Debug|Any CPU.ActiveCfg = Debug|Any CPU
		{5AA4058C-B6EB-4E33-BB3A-494F437E97CF}.Debug|Any CPU.Build.0 = Debug|Any CPU
		{5AA4058C-B6EB-4E33-BB3A-494F437E97CF}.Release|Any CPU.ActiveCfg = Release|Any CPU
		{5AA4058C-B6EB-4E33-BB3A-494F437E97CF}.Release|Any CPU.Build.0 = Release|Any CPU
	EndGlobalSection
	GlobalSection(SolutionProperties) = preSolution
		HideSolutionNode = FALSE
	EndGlobalSection
	GlobalSection(ExtensibilityGlobals) = postSolution
		SolutionGuid = {CD878B3E-49DB-4EF1-8833-CD971E5F4D48}
	EndGlobalSection
EndGlobal
